
Microsoft Visual Studio Solution File, Format Version 12.00
# Visual Studio Version 17
VisualStudioVersion = 17.14.36616.10 d17.14
MinimumVisualStudioVersion = 10.0.40219.1
Project("{FAE04EC0-301F-11D3-BF4B-00C04F79EFBC}") = "GameStoreService", "GameStoreService\GameStoreService.csproj", "{7290C30D-DBBB-475B-883A-676A2B8F7352}"
EndProject
Global
	GlobalSection(SolutionConfigurationPlatforms) = preSolution
		Debug|Any CPU = Debug|Any CPU
		Release|Any CPU = Release|Any CPU
	EndGlobalSection
	GlobalSection(ProjectConfigurationPlatforms) = postSolution
		{7290C30D-DBBB-475B-883A-676A2B8F7352}.Debug|Any CPU.ActiveCfg = Debug|Any CPU
		{7290C30D-DBBB-475B-883A-676A2B8F7352}.Debug|Any CPU.Build.0 = Debug|Any CPU
		{7290C30D-DBBB-475B-883A-676A2B8F7352}.Release|Any CPU.ActiveCfg = Release|Any CPU
		{7290C30D-DBBB-475B-883A-676A2B8F7352}.Release|Any CPU.Build.0 = Release|Any CPU
	EndGlobalSection
	GlobalSection(SolutionProperties) = preSolution
		HideSolutionNode = FALSE
	EndGlobalSection
	GlobalSection(ExtensibilityGlobals) = postSolution
		SolutionGuid = {FD4F05FB-0E6C-4BB2-B600-611F2D106A3B}
	EndGlobalSection
EndGlobal
